// !$*UTF8*$!
{
	archiveVersion = 1;
	classes = {
	};
	objectVersion = 48;
	objects = {

/* Begin PBXBuildFile section */
		85F893B3AC22CD638C0C5D3A /* Pods_hello_realm.framework in Frameworks */ = {isa = PBXBuildFile; fileRef = 203EF5893D5B05EC1BF193FF /* Pods_hello_realm.framework */; };
		928FB7E85F6A8ECC129789EA /* Pods_hello_realmUITests.framework in Frameworks */ = {isa = PBXBuildFile; fileRef = 0FC49E3336440D00535F4A92 /* Pods_hello_realmUITests.framework */; };
		A8385E57B0F55B3AA85C79D1 /* Pods_hello_realmTests.framework in Frameworks */ = {isa = PBXBuildFile; fileRef = 469BD3BEA4CD33416E7BEE2A /* Pods_hello_realmTests.framework */; };
		C5485503201E96F800C211F3 /* AppDelegate.swift in Sources */ = {isa = PBXBuildFile; fileRef = C5485502201E96F800C211F3 /* AppDelegate.swift */; };
		C5485505201E96F800C211F3 /* ViewController.swift in Sources */ = {isa = PBXBuildFile; fileRef = C5485504201E96F800C211F3 /* ViewController.swift */; };
		C5485508201E96F800C211F3 /* Main.storyboard in Resources */ = {isa = PBXBuildFile; fileRef = C5485506201E96F800C211F3 /* Main.storyboard */; };
		C548550A201E96F800C211F3 /* Assets.xcassets in Resources */ = {isa = PBXBuildFile; fileRef = C5485509201E96F800C211F3 /* Assets.xcassets */; };
		C548550D201E96F800C211F3 /* LaunchScreen.storyboard in Resources */ = {isa = PBXBuildFile; fileRef = C548550B201E96F800C211F3 /* LaunchScreen.storyboard */; };
		C5485518201E96F800C211F3 /* hello_realmTests.swift in Sources */ = {isa = PBXBuildFile; fileRef = C5485517201E96F800C211F3 /* hello_realmTests.swift */; };
		C5485523201E96F800C211F3 /* hello_realmUITests.swift in Sources */ = {isa = PBXBuildFile; fileRef = C5485522201E96F800C211F3 /* hello_realmUITests.swift */; };
		C5485531201E973000C211F3 /* Podfile in Resources */ = {isa = PBXBuildFile; fileRef = C5485530201E973000C211F3 /* Podfile */; };
		C5485533201E983300C211F3 /* User.swift in Sources */ = {isa = PBXBuildFile; fileRef = C5485532201E983300C211F3 /* User.swift */; };
		C5485535201EA01D00C211F3 /* Configs.swift in Sources */ = {isa = PBXBuildFile; fileRef = C5485534201EA01D00C211F3 /* Configs.swift */; };
		C5485537201EA12700C211F3 /* RealmManager.swift in Sources */ = {isa = PBXBuildFile; fileRef = C5485536201EA12700C211F3 /* RealmManager.swift */; };
/* End PBXBuildFile section */

/* Begin PBXContainerItemProxy section */
		C5485514201E96F800C211F3 /* PBXContainerItemProxy */ = {
			isa = PBXContainerItemProxy;
			containerPortal = C54854F7201E96F800C211F3 /* Project object */;
			proxyType = 1;
			remoteGlobalIDString = C54854FE201E96F800C211F3;
			remoteInfo = "hello-realm";
		};
		C548551F201E96F800C211F3 /* PBXContainerItemProxy */ = {
			isa = PBXContainerItemProxy;
			containerPortal = C54854F7201E96F800C211F3 /* Project object */;
			proxyType = 1;
			remoteGlobalIDString = C54854FE201E96F800C211F3;
			remoteInfo = "hello-realm";
		};
/* End PBXContainerItemProxy section */

/* Begin PBXFileReference section */
		0FC49E3336440D00535F4A92 /* Pods_hello_realmUITests.framework */ = {isa = PBXFileReference; explicitFileType = wrapper.framework; includeInIndex = 0; path = Pods_hello_realmUITests.framework; sourceTree = BUILT_PRODUCTS_DIR; };
		203EF5893D5B05EC1BF193FF /* Pods_hello_realm.framework */ = {isa = PBXFileReference; explicitFileType = wrapper.framework; includeInIndex = 0; path = Pods_hello_realm.framework; sourceTree = BUILT_PRODUCTS_DIR; };
		208CB22514420160E568E1B1 /* Pods-hello-realmUITests.release.xcconfig */ = {isa = PBXFileReference; includeInIndex = 1; lastKnownFileType = text.xcconfig; name = "Pods-hello-realmUITests.release.xcconfig"; path = "Pods/Target Support Files/Pods-hello-realmUITests/Pods-hello-realmUITests.release.xcconfig"; sourceTree = "<group>"; };
		469BD3BEA4CD33416E7BEE2A /* Pods_hello_realmTests.framework */ = {isa = PBXFileReference; explicitFileType = wrapper.framework; includeInIndex = 0; path = Pods_hello_realmTests.framework; sourceTree = BUILT_PRODUCTS_DIR; };
		5E23FCDDBC0DA785CE29CF61 /* Pods-hello-realm.release.xcconfig */ = {isa = PBXFileReference; includeInIndex = 1; lastKnownFileType = text.xcconfig; name = "Pods-hello-realm.release.xcconfig"; path = "Pods/Target Support Files/Pods-hello-realm/Pods-hello-realm.release.xcconfig"; sourceTree = "<group>"; };
		B43CB61B2F1C316B04A43D16 /* Pods-hello-realmTests.release.xcconfig */ = {isa = PBXFileReference; includeInIndex = 1; lastKnownFileType = text.xcconfig; name = "Pods-hello-realmTests.release.xcconfig"; path = "Pods/Target Support Files/Pods-hello-realmTests/Pods-hello-realmTests.release.xcconfig"; sourceTree = "<group>"; };
		BDA2B182A787310A3F39028F /* Pods-hello-realmUITests.debug.xcconfig */ = {isa = PBXFileReference; includeInIndex = 1; lastKnownFileType = text.xcconfig; name = "Pods-hello-realmUITests.debug.xcconfig"; path = "Pods/Target Support Files/Pods-hello-realmUITests/Pods-hello-realmUITests.debug.xcconfig"; sourceTree = "<group>"; };
		C54854FF201E96F800C211F3 /* hello-realm.app */ = {isa = PBXFileReference; explicitFileType = wrapper.application; includeInIndex = 0; path = "hello-realm.app"; sourceTree = BUILT_PRODUCTS_DIR; };
		C5485502201E96F800C211F3 /* AppDelegate.swift */ = {isa = PBXFileReference; lastKnownFileType = sourcecode.swift; path = AppDelegate.swift; sourceTree = "<group>"; };
		C5485504201E96F800C211F3 /* ViewController.swift */ = {isa = PBXFileReference; lastKnownFileType = sourcecode.swift; path = ViewController.swift; sourceTree = "<group>"; };
		C5485507201E96F800C211F3 /* Base */ = {isa = PBXFileReference; lastKnownFileType = file.storyboard; name = Base; path = Base.lproj/Main.storyboard; sourceTree = "<group>"; };
		C5485509201E96F800C211F3 /* Assets.xcassets */ = {isa = PBXFileReference; lastKnownFileType = folder.assetcatalog; path = Assets.xcassets; sourceTree = "<group>"; };
		C548550C201E96F800C211F3 /* Base */ = {isa = PBXFileReference; lastKnownFileType = file.storyboard; name = Base; path = Base.lproj/LaunchScreen.storyboard; sourceTree = "<group>"; };
		C548550E201E96F800C211F3 /* Info.plist */ = {isa = PBXFileReference; lastKnownFileType = text.plist.xml; path = Info.plist; sourceTree = "<group>"; };
		C5485513201E96F800C211F3 /* hello-realmTests.xctest */ = {isa = PBXFileReference; explicitFileType = wrapper.cfbundle; includeInIndex = 0; path = "hello-realmTests.xctest"; sourceTree = BUILT_PRODUCTS_DIR; };
		C5485517201E96F800C211F3 /* hello_realmTests.swift */ = {isa = PBXFileReference; lastKnownFileType = sourcecode.swift; path = hello_realmTests.swift; sourceTree = "<group>"; };
		C5485519201E96F800C211F3 /* Info.plist */ = {isa = PBXFileReference; lastKnownFileType = text.plist.xml; path = Info.plist; sourceTree = "<group>"; };
		C548551E201E96F800C211F3 /* hello-realmUITests.xctest */ = {isa = PBXFileReference; explicitFileType = wrapper.cfbundle; includeInIndex = 0; path = "hello-realmUITests.xctest"; sourceTree = BUILT_PRODUCTS_DIR; };
		C5485522201E96F800C211F3 /* hello_realmUITests.swift */ = {isa = PBXFileReference; lastKnownFileType = sourcecode.swift; path = hello_realmUITests.swift; sourceTree = "<group>"; };
		C5485524201E96F800C211F3 /* Info.plist */ = {isa = PBXFileReference; lastKnownFileType = text.plist.xml; path = Info.plist; sourceTree = "<group>"; };
		C5485530201E973000C211F3 /* Podfile */ = {isa = PBXFileReference; fileEncoding = 4; lastKnownFileType = text; path = Podfile; sourceTree = "<group>"; };
		C5485532201E983300C211F3 /* User.swift */ = {isa = PBXFileReference; lastKnownFileType = sourcecode.swift; path = User.swift; sourceTree = "<group>"; };
		C5485534201EA01D00C211F3 /* Configs.swift */ = {isa = PBXFileReference; lastKnownFileType = sourcecode.swift; path = Configs.swift; sourceTree = "<group>"; };
		C5485536201EA12700C211F3 /* RealmManager.swift */ = {isa = PBXFileReference; lastKnownFileType = sourcecode.swift; path = RealmManager.swift; sourceTree = "<group>"; };
		D161BCC4DF69B960D9890D7C /* Pods-hello-realmTests.debug.xcconfig */ = {isa = PBXFileReference; includeInIndex = 1; lastKnownFileType = text.xcconfig; name = "Pods-hello-realmTests.debug.xcconfig"; path = "Pods/Target Support Files/Pods-hello-realmTests/Pods-hello-realmTests.debug.xcconfig"; sourceTree = "<group>"; };
		F853894057B1E55B8A73C182 /* Pods-hello-realm.debug.xcconfig */ = {isa = PBXFileReference; includeInIndex = 1; lastKnownFileType = text.xcconfig; name = "Pods-hello-realm.debug.xcconfig"; path = "Pods/Target Support Files/Pods-hello-realm/Pods-hello-realm.debug.xcconfig"; sourceTree = "<group>"; };
/* End PBXFileReference section */

/* Begin PBXFrameworksBuildPhase section */
		C54854FC201E96F800C211F3 /* Frameworks */ = {
			isa = PBXFrameworksBuildPhase;
			buildActionMask = 2147483647;
			files = (
				85F893B3AC22CD638C0C5D3A /* Pods_hello_realm.framework in Frameworks */,
			);
			runOnlyForDeploymentPostprocessing = 0;
		};
		C5485510201E96F800C211F3 /* Frameworks */ = {
			isa = PBXFrameworksBuildPhase;
			buildActionMask = 2147483647;
			files = (
				A8385E57B0F55B3AA85C79D1 /* Pods_hello_realmTests.framework in Frameworks */,
			);
			runOnlyForDeploymentPostprocessing = 0;
		};
		C548551B201E96F800C211F3 /* Frameworks */ = {
			isa = PBXFrameworksBuildPhase;
			buildActionMask = 2147483647;
			files = (
				928FB7E85F6A8ECC129789EA /* Pods_hello_realmUITests.framework in Frameworks */,
			);
			runOnlyForDeploymentPostprocessing = 0;
		};
/* End PBXFrameworksBuildPhase section */

/* Begin PBXGroup section */
		4D08D4080E0D1F3902D504B4 /* Pods */ = {
			isa = PBXGroup;
			children = (
				F853894057B1E55B8A73C182 /* Pods-hello-realm.debug.xcconfig */,
				5E23FCDDBC0DA785CE29CF61 /* Pods-hello-realm.release.xcconfig */,
				D161BCC4DF69B960D9890D7C /* Pods-hello-realmTests.debug.xcconfig */,
				B43CB61B2F1C316B04A43D16 /* Pods-hello-realmTests.release.xcconfig */,
				BDA2B182A787310A3F39028F /* Pods-hello-realmUITests.debug.xcconfig */,
				208CB22514420160E568E1B1 /* Pods-hello-realmUITests.release.xcconfig */,
			);
			name = Pods;
			sourceTree = "<group>";
		};
		A171742CBA0E2DDD6C52F20B /* Frameworks */ = {
			isa = PBXGroup;
			children = (
				203EF5893D5B05EC1BF193FF /* Pods_hello_realm.framework */,
				469BD3BEA4CD33416E7BEE2A /* Pods_hello_realmTests.framework */,
				0FC49E3336440D00535F4A92 /* Pods_hello_realmUITests.framework */,
			);
			name = Frameworks;
			sourceTree = "<group>";
		};
		C54854F6201E96F800C211F3 = {
			isa = PBXGroup;
			children = (
				C5485530201E973000C211F3 /* Podfile */,
				C5485501201E96F800C211F3 /* hello-realm */,
				C5485516201E96F800C211F3 /* hello-realmTests */,
				C5485521201E96F800C211F3 /* hello-realmUITests */,
				C5485500201E96F800C211F3 /* Products */,
				4D08D4080E0D1F3902D504B4 /* Pods */,
				A171742CBA0E2DDD6C52F20B /* Frameworks */,
			);
			sourceTree = "<group>";
		};
		C5485500201E96F800C211F3 /* Products */ = {
			isa = PBXGroup;
			children = (
				C54854FF201E96F800C211F3 /* hello-realm.app */,
				C5485513201E96F800C211F3 /* hello-realmTests.xctest */,
				C548551E201E96F800C211F3 /* hello-realmUITests.xctest */,
			);
			name = Products;
			sourceTree = "<group>";
		};
		C5485501201E96F800C211F3 /* hello-realm */ = {
			isa = PBXGroup;
			children = (
				C5485502201E96F800C211F3 /* AppDelegate.swift */,
				C5485504201E96F800C211F3 /* ViewController.swift */,
				C5485534201EA01D00C211F3 /* Configs.swift */,
				C5485536201EA12700C211F3 /* RealmManager.swift */,
				C5485532201E983300C211F3 /* User.swift */,
				C5485506201E96F800C211F3 /* Main.storyboard */,
				C5485509201E96F800C211F3 /* Assets.xcassets */,
				C548550B201E96F800C211F3 /* LaunchScreen.storyboard */,
				C548550E201E96F800C211F3 /* Info.plist */,
			);
			path = "hello-realm";
			sourceTree = "<group>";
		};
		C5485516201E96F800C211F3 /* hello-realmTests */ = {
			isa = PBXGroup;
			children = (
				C5485517201E96F800C211F3 /* hello_realmTests.swift */,
				C5485519201E96F800C211F3 /* Info.plist */,
			);
			path = "hello-realmTests";
			sourceTree = "<group>";
		};
		C5485521201E96F800C211F3 /* hello-realmUITests */ = {
			isa = PBXGroup;
			children = (
				C5485522201E96F800C211F3 /* hello_realmUITests.swift */,
				C5485524201E96F800C211F3 /* Info.plist */,
			);
			path = "hello-realmUITests";
			sourceTree = "<group>";
		};
/* End PBXGroup section */

/* Begin PBXNativeTarget section */
		C54854FE201E96F800C211F3 /* hello-realm */ = {
			isa = PBXNativeTarget;
			buildConfigurationList = C5485527201E96F800C211F3 /* Build configuration list for PBXNativeTarget "hello-realm" */;
			buildPhases = (
				93AC98B76825B96A865C3BFB /* [CP] Check Pods Manifest.lock */,
				C54854FB201E96F800C211F3 /* Sources */,
				C54854FC201E96F800C211F3 /* Frameworks */,
				C54854FD201E96F800C211F3 /* Resources */,
				5766BECD3CCE646FE19B21B1 /* [CP] Embed Pods Frameworks */,
				89C85C31B7196E08DB0AB5AC /* [CP] Copy Pods Resources */,
			);
			buildRules = (
			);
			dependencies = (
			);
			name = "hello-realm";
			productName = "hello-realm";
			productReference = C54854FF201E96F800C211F3 /* hello-realm.app */;
			productType = "com.apple.product-type.application";
		};
		C5485512201E96F800C211F3 /* hello-realmTests */ = {
			isa = PBXNativeTarget;
			buildConfigurationList = C548552A201E96F800C211F3 /* Build configuration list for PBXNativeTarget "hello-realmTests" */;
			buildPhases = (
				57C565D1B293ACAFEAB3F187 /* [CP] Check Pods Manifest.lock */,
				C548550F201E96F800C211F3 /* Sources */,
				C5485510201E96F800C211F3 /* Frameworks */,
				C5485511201E96F800C211F3 /* Resources */,
				FED5D5DDA52D59E01CD607E1 /* [CP] Embed Pods Frameworks */,
				BC49DC4CE605294179F47B52 /* [CP] Copy Pods Resources */,
			);
			buildRules = (
			);
			dependencies = (
				C5485515201E96F800C211F3 /* PBXTargetDependency */,
			);
			name = "hello-realmTests";
			productName = "hello-realmTests";
			productReference = C5485513201E96F800C211F3 /* hello-realmTests.xctest */;
			productType = "com.apple.product-type.bundle.unit-test";
		};
		C548551D201E96F800C211F3 /* hello-realmUITests */ = {
			isa = PBXNativeTarget;
			buildConfigurationList = C548552D201E96F800C211F3 /* Build configuration list for PBXNativeTarget "hello-realmUITests" */;
			buildPhases = (
				E3A47B1853B90A9D3A81C05B /* [CP] Check Pods Manifest.lock */,
				C548551A201E96F800C211F3 /* Sources */,
				C548551B201E96F800C211F3 /* Frameworks */,
				C548551C201E96F800C211F3 /* Resources */,
				E1B68F71FC9FE4836643AFC3 /* [CP] Embed Pods Frameworks */,
				50DE3F95DF230E025BC03BCA /* [CP] Copy Pods Resources */,
			);
			buildRules = (
			);
			dependencies = (
				C5485520201E96F800C211F3 /* PBXTargetDependency */,
			);
			name = "hello-realmUITests";
			productName = "hello-realmUITests";
			productReference = C548551E201E96F800C211F3 /* hello-realmUITests.xctest */;
			productType = "com.apple.product-type.bundle.ui-testing";
		};
/* End PBXNativeTarget section */

/* Begin PBXProject section */
		C54854F7201E96F800C211F3 /* Project object */ = {
			isa = PBXProject;
			attributes = {
				LastSwiftUpdateCheck = 0920;
				LastUpgradeCheck = 0920;
				ORGANIZATIONNAME = rightmeow;
				TargetAttributes = {
					C54854FE201E96F800C211F3 = {
						CreatedOnToolsVersion = 9.2;
						ProvisioningStyle = Automatic;
					};
					C5485512201E96F800C211F3 = {
						CreatedOnToolsVersion = 9.2;
						ProvisioningStyle = Automatic;
						TestTargetID = C54854FE201E96F800C211F3;
					};
					C548551D201E96F800C211F3 = {
						CreatedOnToolsVersion = 9.2;
						ProvisioningStyle = Automatic;
						TestTargetID = C54854FE201E96F800C211F3;
					};
				};
			};
			buildConfigurationList = C54854FA201E96F800C211F3 /* Build configuration list for PBXProject "hello-realm" */;
			compatibilityVersion = "Xcode 8.0";
			developmentRegion = en;
			hasScannedForEncodings = 0;
			knownRegions = (
				en,
				Base,
			);
			mainGroup = C54854F6201E96F800C211F3;
			productRefGroup = C5485500201E96F800C211F3 /* Products */;
			projectDirPath = "";
			projectRoot = "";
			targets = (
				C54854FE201E96F800C211F3 /* hello-realm */,
				C5485512201E96F800C211F3 /* hello-realmTests */,
				C548551D201E96F800C211F3 /* hello-realmUITests */,
			);
		};
/* End PBXProject section */

/* Begin PBXResourcesBuildPhase section */
		C54854FD201E96F800C211F3 /* Resources */ = {
			isa = PBXResourcesBuildPhase;
			buildActionMask = 2147483647;
			files = (
				C548550D201E96F800C211F3 /* LaunchScreen.storyboard in Resources */,
				C548550A201E96F800C211F3 /* Assets.xcassets in Resources */,
				C5485531201E973000C211F3 /* Podfile in Resources */,
				C5485508201E96F800C211F3 /* Main.storyboard in Resources */,
			);
			runOnlyForDeploymentPostprocessing = 0;
		};
		C5485511201E96F800C211F3 /* Resources */ = {
			isa = PBXResourcesBuildPhase;
			buildActionMask = 2147483647;
			files = (
			);
			runOnlyForDeploymentPostprocessing = 0;
		};
		C548551C201E96F800C211F3 /* Resources */ = {
			isa = PBXResourcesBuildPhase;
			buildActionMask = 2147483647;
			files = (
			);
			runOnlyForDeploymentPostprocessing = 0;
		};
/* End PBXResourcesBuildPhase section */

/* Begin PBXShellScriptBuildPhase section */
		50DE3F95DF230E025BC03BCA /* [CP] Copy Pods Resources */ = {
			isa = PBXShellScriptBuildPhase;
			buildActionMask = 2147483647;
			files = (
			);
			inputPaths = (
			);
			name = "[CP] Copy Pods Resources";
			outputPaths = (
			);
			runOnlyForDeploymentPostprocessing = 0;
			shellPath = /bin/sh;
			shellScript = "\"${SRCROOT}/Pods/Target Support Files/Pods-hello-realmUITests/Pods-hello-realmUITests-resources.sh\"\n";
			showEnvVarsInLog = 0;
		};
		5766BECD3CCE646FE19B21B1 /* [CP] Embed Pods Frameworks */ = {
			isa = PBXShellScriptBuildPhase;
			buildActionMask = 2147483647;
			files = (
			);
			inputPaths = (
				"${SRCROOT}/Pods/Target Support Files/Pods-hello-realm/Pods-hello-realm-frameworks.sh",
				"${BUILT_PRODUCTS_DIR}/Realm/Realm.framework",
				"${BUILT_PRODUCTS_DIR}/RealmSwift/RealmSwift.framework",
			);
			name = "[CP] Embed Pods Frameworks";
			outputPaths = (
				"${TARGET_BUILD_DIR}/${FRAMEWORKS_FOLDER_PATH}/Realm.framework",
				"${TARGET_BUILD_DIR}/${FRAMEWORKS_FOLDER_PATH}/RealmSwift.framework",
			);
			runOnlyForDeploymentPostprocessing = 0;
			shellPath = /bin/sh;
			shellScript = "\"${SRCROOT}/Pods/Target Support Files/Pods-hello-realm/Pods-hello-realm-frameworks.sh\"\n";
			showEnvVarsInLog = 0;
		};
		57C565D1B293ACAFEAB3F187 /* [CP] Check Pods Manifest.lock */ = {
			isa = PBXShellScriptBuildPhase;
			buildActionMask = 2147483647;
			files = (
			);
			inputPaths = (
				"${PODS_PODFILE_DIR_PATH}/Podfile.lock",
				"${PODS_ROOT}/Manifest.lock",
			);
			name = "[CP] Check Pods Manifest.lock";
			outputPaths = (
				"$(DERIVED_FILE_DIR)/Pods-hello-realmTests-checkManifestLockResult.txt",
			);
			runOnlyForDeploymentPostprocessing = 0;
			shellPath = /bin/sh;
			shellScript = "diff \"${PODS_PODFILE_DIR_PATH}/Podfile.lock\" \"${PODS_ROOT}/Manifest.lock\" > /dev/null\nif [ $? != 0 ] ; then\n    # print error to STDERR\n    echo \"error: The sandbox is not in sync with the Podfile.lock. Run 'pod install' or update your CocoaPods installation.\" >&2\n    exit 1\nfi\n# This output is used by Xcode 'outputs' to avoid re-running this script phase.\necho \"SUCCESS\" > \"${SCRIPT_OUTPUT_FILE_0}\"\n";
			showEnvVarsInLog = 0;
		};
		89C85C31B7196E08DB0AB5AC /* [CP] Copy Pods Resources */ = {
			isa = PBXShellScriptBuildPhase;
			buildActionMask = 2147483647;
			files = (
			);
			inputPaths = (
			);
			name = "[CP] Copy Pods Resources";
			outputPaths = (
			);
			runOnlyForDeploymentPostprocessing = 0;
			shellPath = /bin/sh;
			shellScript = "\"${SRCROOT}/Pods/Target Support Files/Pods-hello-realm/Pods-hello-realm-resources.sh\"\n";
			showEnvVarsInLog = 0;
		};
		93AC98B76825B96A865C3BFB /* [CP] Check Pods Manifest.lock */ = {
			isa = PBXShellScriptBuildPhase;
			buildActionMask = 2147483647;
			files = (
			);
			inputPaths = (
				"${PODS_PODFILE_DIR_PATH}/Podfile.lock",
				"${PODS_ROOT}/Manifest.lock",
			);
			name = "[CP] Check Pods Manifest.lock";
			outputPaths = (
				"$(DERIVED_FILE_DIR)/Pods-hello-realm-checkManifestLockResult.txt",
			);
			runOnlyForDeploymentPostprocessing = 0;
			shellPath = /bin/sh;
			shellScript = "diff \"${PODS_PODFILE_DIR_PATH}/Podfile.lock\" \"${PODS_ROOT}/Manifest.lock\" > /dev/null\nif [ $? != 0 ] ; then\n    # print error to STDERR\n    echo \"error: The sandbox is not in sync with the Podfile.lock. Run 'pod install' or update your CocoaPods installation.\" >&2\n    exit 1\nfi\n# This output is used by Xcode 'outputs' to avoid re-running this script phase.\necho \"SUCCESS\" > \"${SCRIPT_OUTPUT_FILE_0}\"\n";
			showEnvVarsInLog = 0;
		};
		BC49DC4CE605294179F47B52 /* [CP] Copy Pods Resources */ = {
			isa = PBXShellScriptBuildPhase;
			buildActionMask = 2147483647;
			files = (
			);
			inputPaths = (
			);
			name = "[CP] Copy Pods Resources";
			outputPaths = (
			);
			runOnlyForDeploymentPostprocessing = 0;
			shellPath = /bin/sh;
			shellScript = "\"${SRCROOT}/Pods/Target Support Files/Pods-hello-realmTests/Pods-hello-realmTests-resources.sh\"\n";
			showEnvVarsInLog = 0;
		};
		E1B68F71FC9FE4836643AFC3 /* [CP] Embed Pods Frameworks */ = {
			isa = PBXShellScriptBuildPhase;
			buildActionMask = 2147483647;
			files = (
			);
			inputPaths = (
			);
			name = "[CP] Embed Pods Frameworks";
			outputPaths = (
			);
			runOnlyForDeploymentPostprocessing = 0;
			shellPath = /bin/sh;
			shellScript = "\"${SRCROOT}/Pods/Target Support Files/Pods-hello-realmUITests/Pods-hello-realmUITests-frameworks.sh\"\n";
			showEnvVarsInLog = 0;
		};
		E3A47B1853B90A9D3A81C05B /* [CP] Check Pods Manifest.lock */ = {
			isa = PBXShellScriptBuildPhase;
			buildActionMask = 2147483647;
			files = (
			);
			inputPaths = (
				"${PODS_PODFILE_DIR_PATH}/Podfile.lock",
				"${PODS_ROOT}/Manifest.lock",
			);
			name = "[CP] Check Pods Manifest.lock";
			outputPaths = (
				"$(DERIVED_FILE_DIR)/Pods-hello-realmUITests-checkManifestLockResult.txt",
			);
			runOnlyForDeploymentPostprocessing = 0;
			shellPath = /bin/sh;
			shellScript = "diff \"${PODS_PODFILE_DIR_PATH}/Podfile.lock\" \"${PODS_ROOT}/Manifest.lock\" > /dev/null\nif [ $? != 0 ] ; then\n    # print error to STDERR\n    echo \"error: The sandbox is not in sync with the Podfile.lock. Run 'pod install' or update your CocoaPods installation.\" >&2\n    exit 1\nfi\n# This output is used by Xcode 'outputs' to avoid re-running this script phase.\necho \"SUCCESS\" > \"${SCRIPT_OUTPUT_FILE_0}\"\n";
			showEnvVarsInLog = 0;
		};
		FED5D5DDA52D59E01CD607E1 /* [CP] Embed Pods Frameworks */ = {
			isa = PBXShellScriptBuildPhase;
			buildActionMask = 2147483647;
			files = (
			);
			inputPaths = (
			);
			name = "[CP] Embed Pods Frameworks";
			outputPaths = (
			);
			runOnlyForDeploymentPostprocessing = 0;
			shellPath = /bin/sh;
			shellScript = "\"${SRCROOT}/Pods/Target Support Files/Pods-hello-realmTests/Pods-hello-realmTests-frameworks.sh\"\n";
			showEnvVarsInLog = 0;
		};
/* End PBXShellScriptBuildPhase section */

/* Begin PBXSourcesBuildPhase section */
		C54854FB201E96F800C211F3 /* Sources */ = {
			isa = PBXSourcesBuildPhase;
			buildActionMask = 2147483647;
			files = (
				C5485505201E96F800C211F3 /* ViewController.swift in Sources */,
				C5485535201EA01D00C211F3 /* Configs.swift in Sources */,
				C5485537201EA12700C211F3 /* RealmManager.swift in Sources */,
				C5485503201E96F800C211F3 /* AppDelegate.swift in Sources */,
				C5485533201E983300C211F3 /* User.swift in Sources */,
			);
			runOnlyForDeploymentPostprocessing = 0;
		};
		C548550F201E96F800C211F3 /* Sources */ = {
			isa = PBXSourcesBuildPhase;
			buildActionMask = 2147483647;
			files = (
				C5485518201E96F800C211F3 /* hello_realmTests.swift in Sources */,
			);
			runOnlyForDeploymentPostprocessing = 0;
		};
		C548551A201E96F800C211F3 /* Sources */ = {
			isa = PBXSourcesBuildPhase;
			buildActionMask = 2147483647;
			files = (
				C5485523201E96F800C211F3 /* hello_realmUITests.swift in Sources */,
			);
			runOnlyForDeploymentPostprocessing = 0;
		};
/* End PBXSourcesBuildPhase section */

/* Begin PBXTargetDependency section */
		C5485515201E96F800C211F3 /* PBXTargetDependency */ = {
			isa = PBXTargetDependency;
			target = C54854FE201E96F800C211F3 /* hello-realm */;
			targetProxy = C5485514201E96F800C211F3 /* PBXContainerItemProxy */;
		};
		C5485520201E96F800C211F3 /* PBXTargetDependency */ = {
			isa = PBXTargetDependency;
			target = C54854FE201E96F800C211F3 /* hello-realm */;
			targetProxy = C548551F201E96F800C211F3 /* PBXContainerItemProxy */;
		};
/* End PBXTargetDependency section */

/* Begin PBXVariantGroup section */
		C5485506201E96F800C211F3 /* Main.storyboard */ = {
			isa = PBXVariantGroup;
			children = (
				C5485507201E96F800C211F3 /* Base */,
			);
			name = Main.storyboard;
			sourceTree = "<group>";
		};
		C548550B201E96F800C211F3 /* LaunchScreen.storyboard */ = {
			isa = PBXVariantGroup;
			children = (
				C548550C201E96F800C211F3 /* Base */,
			);
			name = LaunchScreen.storyboard;
			sourceTree = "<group>";
		};
/* End PBXVariantGroup section */

/* Begin XCBuildConfiguration section */
		C5485525201E96F800C211F3 /* Debug */ = {
			isa = XCBuildConfiguration;
			buildSettings = {
				ALWAYS_SEARCH_USER_PATHS = NO;
				CLANG_ANALYZER_NONNULL = YES;
				CLANG_ANALYZER_NUMBER_OBJECT_CONVERSION = YES_AGGRESSIVE;
				CLANG_CXX_LANGUAGE_STANDARD = "gnu++14";
				CLANG_CXX_LIBRARY = "libc++";
				CLANG_ENABLE_MODULES = YES;
				CLANG_ENABLE_OBJC_ARC = YES;
				CLANG_WARN_BLOCK_CAPTURE_AUTORELEASING = YES;
				CLANG_WARN_BOOL_CONVERSION = YES;
				CLANG_WARN_COMMA = YES;
				CLANG_WARN_CONSTANT_CONVERSION = YES;
				CLANG_WARN_DIRECT_OBJC_ISA_USAGE = YES_ERROR;
				CLANG_WARN_DOCUMENTATION_COMMENTS = YES;
				CLANG_WARN_EMPTY_BODY = YES;
				CLANG_WARN_ENUM_CONVERSION = YES;
				CLANG_WARN_INFINITE_RECURSION = YES;
				CLANG_WARN_INT_CONVERSION = YES;
				CLANG_WARN_NON_LITERAL_NULL_CONVERSION = YES;
				CLANG_WARN_OBJC_LITERAL_CONVERSION = YES;
				CLANG_WARN_OBJC_ROOT_CLASS = YES_ERROR;
				CLANG_WARN_RANGE_LOOP_ANALYSIS = YES;
				CLANG_WARN_STRICT_PROTOTYPES = YES;
				CLANG_WARN_SUSPICIOUS_MOVE = YES;
				CLANG_WARN_UNGUARDED_AVAILABILITY = YES_AGGRESSIVE;
				CLANG_WARN_UNREACHABLE_CODE = YES;
				CLANG_WARN__DUPLICATE_METHOD_MATCH = YES;
				CODE_SIGN_IDENTITY = "iPhone Developer";
				COPY_PHASE_STRIP = NO;
				DEBUG_INFORMATION_FORMAT = dwarf;
				ENABLE_STRICT_OBJC_MSGSEND = YES;
				ENABLE_TESTABILITY = YES;
				GCC_C_LANGUAGE_STANDARD = gnu11;
				GCC_DYNAMIC_NO_PIC = NO;
				GCC_NO_COMMON_BLOCKS = YES;
				GCC_OPTIMIZATION_LEVEL = 0;
				GCC_PREPROCESSOR_DEFINITIONS = (
					"DEBUG=1",
					"$(inherited)",
				);
				GCC_WARN_64_TO_32_BIT_CONVERSION = YES;
				GCC_WARN_ABOUT_RETURN_TYPE = YES_ERROR;
				GCC_WARN_UNDECLARED_SELECTOR = YES;
				GCC_WARN_UNINITIALIZED_AUTOS = YES_AGGRESSIVE;
				GCC_WARN_UNUSED_FUNCTION = YES;
				GCC_WARN_UNUSED_VARIABLE = YES;
				IPHONEOS_DEPLOYMENT_TARGET = 11.2;
				MTL_ENABLE_DEBUG_INFO = YES;
				ONLY_ACTIVE_ARCH = YES;
				SDKROOT = iphoneos;
				SWIFT_ACTIVE_COMPILATION_CONDITIONS = DEBUG;
				SWIFT_OPTIMIZATION_LEVEL = "-Onone";
			};
			name = Debug;
		};
		C5485526201E96F800C211F3 /* Release */ = {
			isa = XCBuildConfiguration;
			buildSettings = {
				ALWAYS_SEARCH_USER_PATHS = NO;
				CLANG_ANALYZER_NONNULL = YES;
				CLANG_ANALYZER_NUMBER_OBJECT_CONVERSION = YES_AGGRESSIVE;
				CLANG_CXX_LANGUAGE_STANDARD = "gnu++14";
				CLANG_CXX_LIBRARY = "libc++";
				CLANG_ENABLE_MODULES = YES;
				CLANG_ENABLE_OBJC_ARC = YES;
				CLANG_WARN_BLOCK_CAPTURE_AUTORELEASING = YES;
				CLANG_WARN_BOOL_CONVERSION = YES;
				CLANG_WARN_COMMA = YES;
				CLANG_WARN_CONSTANT_CONVERSION = YES;
				CLANG_WARN_DIRECT_OBJC_ISA_USAGE = YES_ERROR;
				CLANG_WARN_DOCUMENTATION_COMMENTS = YES;
				CLANG_WARN_EMPTY_BODY = YES;
				CLANG_WARN_ENUM_CONVERSION = YES;
				CLANG_WARN_INFINITE_RECURSION = YES;
				CLANG_WARN_INT_CONVERSION = YES;
				CLANG_WARN_NON_LITERAL_NULL_CONVERSION = YES;
				CLANG_WARN_OBJC_LITERAL_CONVERSION = YES;
				CLANG_WARN_OBJC_ROOT_CLASS = YES_ERROR;
				CLANG_WARN_RANGE_LOOP_ANALYSIS = YES;
				CLANG_WARN_STRICT_PROTOTYPES = YES;
				CLANG_WARN_SUSPICIOUS_MOVE = YES;
				CLANG_WARN_UNGUARDED_AVAILABILITY = YES_AGGRESSIVE;
				CLANG_WARN_UNREACHABLE_CODE = YES;
				CLANG_WARN__DUPLICATE_METHOD_MATCH = YES;
				CODE_SIGN_IDENTITY = "iPhone Developer";
				COPY_PHASE_STRIP = NO;
				DEBUG_INFORMATION_FORMAT = "dwarf-with-dsym";
				ENABLE_NS_ASSERTIONS = NO;
				ENABLE_STRICT_OBJC_MSGSEND = YES;
				GCC_C_LANGUAGE_STANDARD = gnu11;
				GCC_NO_COMMON_BLOCKS = YES;
				GCC_WARN_64_TO_32_BIT_CONVERSION = YES;
				GCC_WARN_ABOUT_RETURN_TYPE = YES_ERROR;
				GCC_WARN_UNDECLARED_SELECTOR = YES;
				GCC_WARN_UNINITIALIZED_AUTOS = YES_AGGRESSIVE;
				GCC_WARN_UNUSED_FUNCTION = YES;
				GCC_WARN_UNUSED_VARIABLE = YES;
				IPHONEOS_DEPLOYMENT_TARGET = 11.2;
				MTL_ENABLE_DEBUG_INFO = NO;
				SDKROOT = iphoneos;
				SWIFT_OPTIMIZATION_LEVEL = "-Owholemodule";
				VALIDATE_PRODUCT = YES;
			};
			name = Release;
		};
		C5485528201E96F800C211F3 /* Debug */ = {
			isa = XCBuildConfiguration;
			baseConfigurationReference = F853894057B1E55B8A73C182 /* Pods-hello-realm.debug.xcconfig */;
			buildSettings = {
				ASSETCATALOG_COMPILER_APPICON_NAME = AppIcon;
				CODE_SIGN_STYLE = Automatic;
				DEVELOPMENT_TEAM = LUU7Q496SS;
				INFOPLIST_FILE = "hello-realm/Info.plist";
				LD_RUNPATH_SEARCH_PATHS = "$(inherited) @executable_path/Frameworks";
				PRODUCT_BUNDLE_IDENTIFIER = "com.rightmeow.hello-realm";
				PRODUCT_NAME = "$(TARGET_NAME)";
				SWIFT_VERSION = 4.0;
				TARGETED_DEVICE_FAMILY = "1,2";
			};
			name = Debug;
		};
		C5485529201E96F800C211F3 /* Release */ = {
			isa = XCBuildConfiguration;
			baseConfigurationReference = 5E23FCDDBC0DA785CE29CF61 /* Pods-hello-realm.release.xcconfig */;
			buildSettings = {
				ASSETCATALOG_COMPILER_APPICON_NAME = AppIcon;
				CODE_SIGN_STYLE = Automatic;
				DEVELOPMENT_TEAM = LUU7Q496SS;
				INFOPLIST_FILE = "hello-realm/Info.plist";
				LD_RUNPATH_SEARCH_PATHS = "$(inherited) @executable_path/Frameworks";
				PRODUCT_BUNDLE_IDENTIFIER = "com.rightmeow.hello-realm";
				PRODUCT_NAME = "$(TARGET_NAME)";
				SWIFT_VERSION = 4.0;
				TARGETED_DEVICE_FAMILY = "1,2";
			};
			name = Release;
		};
		C548552B201E96F800C211F3 /* Debug */ = {
			isa = XCBuildConfiguration;
			baseConfigurationReference = D161BCC4DF69B960D9890D7C /* Pods-hello-realmTests.debug.xcconfig */;
			buildSettings = {
				ALWAYS_EMBED_SWIFT_STANDARD_LIBRARIES = YES;
				BUNDLE_LOADER = "$(TEST_HOST)";
				CODE_SIGN_STYLE = Automatic;
				DEVELOPMENT_TEAM = LUU7Q496SS;
				INFOPLIST_FILE = "hello-realmTests/Info.plist";
				LD_RUNPATH_SEARCH_PATHS = "$(inherited) @executable_path/Frameworks @loader_path/Frameworks";
				PRODUCT_BUNDLE_IDENTIFIER = "com.rightmeow.hello-realmTests";
				PRODUCT_NAME = "$(TARGET_NAME)";
				SWIFT_VERSION = 4.0;
				TARGETED_DEVICE_FAMILY = "1,2";
				TEST_HOST = "$(BUILT_PRODUCTS_DIR)/hello-realm.app/hello-realm";
			};
			name = Debug;
		};
		C548552C201E96F800C211F3 /* Release */ = {
			isa = XCBuildConfiguration;
			baseConfigurationReference = B43CB61B2F1C316B04A43D16 /* Pods-hello-realmTests.release.xcconfig */;
			buildSettings = {
				ALWAYS_EMBED_SWIFT_STANDARD_LIBRARIES = YES;
				BUNDLE_LOADER = "$(TEST_HOST)";
				CODE_SIGN_STYLE = Automatic;
				DEVELOPMENT_TEAM = LUU7Q496SS;
				INFOPLIST_FILE = "hello-realmTests/Info.plist";
				LD_RUNPATH_SEARCH_PATHS = "$(inherited) @executable_path/Frameworks @loader_path/Frameworks";
				PRODUCT_BUNDLE_IDENTIFIER = "com.rightmeow.hello-realmTests";
				PRODUCT_NAME = "$(TARGET_NAME)";
				SWIFT_VERSION = 4.0;
				TARGETED_DEVICE_FAMILY = "1,2";
				TEST_HOST = "$(BUILT_PRODUCTS_DIR)/hello-realm.app/hello-realm";
			};
			name = Release;
		};
		C548552E201E96F800C211F3 /* Debug */ = {
			isa = XCBuildConfiguration;
			baseConfigurationReference = BDA2B182A787310A3F39028F /* Pods-hello-realmUITests.debug.xcconfig */;
			buildSettings = {
				ALWAYS_EMBED_SWIFT_STANDARD_LIBRARIES = YES;
				CODE_SIGN_STYLE = Automatic;
				DEVELOPMENT_TEAM = LUU7Q496SS;
				INFOPLIST_FILE = "hello-realmUITests/Info.plist";
				LD_RUNPATH_SEARCH_PATHS = "$(inherited) @executable_path/Frameworks @loader_path/Frameworks";
				PRODUCT_BUNDLE_IDENTIFIER = "com.rightmeow.hello-realmUITests";
				PRODUCT_NAME = "$(TARGET_NAME)";
				SWIFT_VERSION = 4.0;
				TARGETED_DEVICE_FAMILY = "1,2";
				TEST_TARGET_NAME = "hello-realm";
			};
			name = Debug;
		};
		C548552F201E96F800C211F3 /* Release */ = {
			isa = XCBuildConfiguration;
			baseConfigurationReference = 208CB22514420160E568E1B1 /* Pods-hello-realmUITests.release.xcconfig */;
			buildSettings = {
				ALWAYS_EMBED_SWIFT_STANDARD_LIBRARIES = YES;
				CODE_SIGN_STYLE = Automatic;
				DEVELOPMENT_TEAM = LUU7Q496SS;
				INFOPLIST_FILE = "hello-realmUITests/Info.plist";
				LD_RUNPATH_SEARCH_PATHS = "$(inherited) @executable_path/Frameworks @loader_path/Frameworks";
				PRODUCT_BUNDLE_IDENTIFIER = "com.rightmeow.hello-realmUITests";
				PRODUCT_NAME = "$(TARGET_NAME)";
				SWIFT_VERSION = 4.0;
				TARGETED_DEVICE_FAMILY = "1,2";
				TEST_TARGET_NAME = "hello-realm";
			};
			name = Release;
		};
/* End XCBuildConfiguration section */

/* Begin XCConfigurationList section */
		C54854FA201E96F800C211F3 /* Build configuration list for PBXProject "hello-realm" */ = {
			isa = XCConfigurationList;
			buildConfigurations = (
				C5485525201E96F800C211F3 /* Debug */,
				C5485526201E96F800C211F3 /* Release */,
			);
			defaultConfigurationIsVisible = 0;
			defaultConfigurationName = Release;
		};
		C5485527201E96F800C211F3 /* Build configuration list for PBXNativeTarget "hello-realm" */ = {
			isa = XCConfigurationList;
			buildConfigurations = (
				C5485528201E96F800C211F3 /* Debug */,
				C5485529201E96F800C211F3 /* Release */,
			);
			defaultConfigurationIsVisible = 0;
			defaultConfigurationName = Release;
		};
		C548552A201E96F800C211F3 /* Build configuration list for PBXNativeTarget "hello-realmTests" */ = {
			isa = XCConfigurationList;
			buildConfigurations = (
				C548552B201E96F800C211F3 /* Debug */,
				C548552C201E96F800C211F3 /* Release */,
			);
			defaultConfigurationIsVisible = 0;
			defaultConfigurationName = Release;
		};
		C548552D201E96F800C211F3 /* Build configuration list for PBXNativeTarget "hello-realmUITests" */ = {
			isa = XCConfigurationList;
			buildConfigurations = (
				C548552E201E96F800C211F3 /* Debug */,
				C548552F201E96F800C211F3 /* Release */,
			);
			defaultConfigurationIsVisible = 0;
			defaultConfigurationName = Release;
		};
/* End XCConfigurationList section */
	};
	rootObject = C54854F7201E96F800C211F3 /* Project object */;
}
